
Microsoft Visual Studio Solution File, Format Version 12.00
# Visual Studio Version 17
VisualStudioVersion = 17.9.34701.34
MinimumVisualStudioVersion = 10.0.40219.1
Project("{FAE04EC0-301F-11D3-BF4B-00C04F79EFBC}") = "Assignment 7", "Assignment 7.csproj", "{E2FECDD6-99C4-40E6-933E-8DBDA35B924E}"
EndProject
Global
	GlobalSection(SolutionConfigurationPlatforms) = preSolution
		Debug|Any CPU = Debug|Any CPU
		Release|Any CPU = Release|Any CPU
	EndGlobalSection
	GlobalSection(ProjectConfigurationPlatforms) = postSolution
		{E2FECDD6-99C4-40E6-933E-8DBDA35B924E}.Debug|Any CPU.ActiveCfg = Debug|Any CPU
		{E2FECDD6-99C4-40E6-933E-8DBDA35B924E}.Debug|Any CPU.Build.0 = Debug|Any CPU
		{E2FECDD6-99C4-40E6-933E-8DBDA35B924E}.Release|Any CPU.ActiveCfg = Release|Any CPU
		{E2FECDD6-99C4-40E6-933E-8DBDA35B924E}.Release|Any CPU.Build.0 = Release|Any CPU
	EndGlobalSection
	GlobalSection(SolutionProperties) = preSolution
		HideSolutionNode = FALSE
	EndGlobalSection
	GlobalSection(ExtensibilityGlobals) = postSolution
		SolutionGuid = {19356F6B-5B4A-4FAB-B4A5-F176465CD43D}
	EndGlobalSection
EndGlobal
